
Microsoft Visual Studio Solution File, Format Version 12.00
# Visual Studio Version 17
VisualStudioVersion = 17.0.31903.59
MinimumVisualStudioVersion = 10.0.40219.1
Project("{2150E333-8FDC-42A3-9474-1A3956D46DE8}") = "src", "src", "{3787AA74-6F16-4BE3-BE57-4B06E924C7BD}"
EndProject
Project("{FAE04EC0-301F-11D3-BF4B-00C04F79EFBC}") = "AuctionService", "src\AuctionService\AuctionService.csproj", "{5D3E950A-162E-4786-837F-691D7C8837F4}"
EndProject
Project("{FAE04EC0-301F-11D3-BF4B-00C04F79EFBC}") = "SearchService", "src\SearchService\SearchService.csproj", "{56D8366D-8289-4F4D-BC80-D6EC53ACB0B5}"
EndProject
Project("{FAE04EC0-301F-11D3-BF4B-00C04F79EFBC}") = "Contracts", "src\Contracts\Contracts.csproj", "{707A0644-AE48-4E3C-8F63-63488D6FF7C0}"
EndProject
Global
	GlobalSection(SolutionConfigurationPlatforms) = preSolution
		Debug|Any CPU = Debug|Any CPU
		Release|Any CPU = Release|Any CPU
	EndGlobalSection
	GlobalSection(SolutionProperties) = preSolution
		HideSolutionNode = FALSE
	EndGlobalSection
	GlobalSection(ProjectConfigurationPlatforms) = postSolution
		{5D3E950A-162E-4786-837F-691D7C8837F4}.Debug|Any CPU.ActiveCfg = Debug|Any CPU
		{5D3E950A-162E-4786-837F-691D7C8837F4}.Debug|Any CPU.Build.0 = Debug|Any CPU
		{5D3E950A-162E-4786-837F-691D7C8837F4}.Release|Any CPU.ActiveCfg = Release|Any CPU
		{5D3E950A-162E-4786-837F-691D7C8837F4}.Release|Any CPU.Build.0 = Release|Any CPU
		{56D8366D-8289-4F4D-BC80-D6EC53ACB0B5}.Debug|Any CPU.ActiveCfg = Debug|Any CPU
		{56D8366D-8289-4F4D-BC80-D6EC53ACB0B5}.Debug|Any CPU.Build.0 = Debug|Any CPU
		{56D8366D-8289-4F4D-BC80-D6EC53ACB0B5}.Release|Any CPU.ActiveCfg = Release|Any CPU
		{56D8366D-8289-4F4D-BC80-D6EC53ACB0B5}.Release|Any CPU.Build.0 = Release|Any CPU
		{707A0644-AE48-4E3C-8F63-63488D6FF7C0}.Debug|Any CPU.ActiveCfg = Debug|Any CPU
		{707A0644-AE48-4E3C-8F63-63488D6FF7C0}.Debug|Any CPU.Build.0 = Debug|Any CPU
		{707A0644-AE48-4E3C-8F63-63488D6FF7C0}.Release|Any CPU.ActiveCfg = Release|Any CPU
		{707A0644-AE48-4E3C-8F63-63488D6FF7C0}.Release|Any CPU.Build.0 = Release|Any CPU
	EndGlobalSection
	GlobalSection(NestedProjects) = preSolution
		{5D3E950A-162E-4786-837F-691D7C8837F4} = {3787AA74-6F16-4BE3-BE57-4B06E924C7BD}
		{56D8366D-8289-4F4D-BC80-D6EC53ACB0B5} = {3787AA74-6F16-4BE3-BE57-4B06E924C7BD}
		{707A0644-AE48-4E3C-8F63-63488D6FF7C0} = {3787AA74-6F16-4BE3-BE57-4B06E924C7BD}
	EndGlobalSection
EndGlobal
